
Microsoft Visual Studio Solution File, Format Version 12.00
# Visual Studio Version 17
VisualStudioVersion = 17.9.34622.214
MinimumVisualStudioVersion = 10.0.40219.1
Project("{FAE04EC0-301F-11D3-BF4B-00C04F79EFBC}") = "01.SumAdjNums", "Lab_Lists\01.SumAdjNums.csproj", "{7823BF14-378E-453C-ACA3-18C658858C20}"
EndProject
Project("{FAE04EC0-301F-11D3-BF4B-00C04F79EFBC}") = "02.GaussTrick", "02.GaussTrick\02.GaussTrick.csproj", "{88EB5E3E-DD74-4847-9843-14E613E1E733}"
EndProject
Project("{FAE04EC0-301F-11D3-BF4B-00C04F79EFBC}") = "03.MergingLists", "03.MergingLists\03.MergingLists.csproj", "{B8C20A9A-56DE-4C26-9D6A-0F8E2477B63D}"
EndProject
Project("{FAE04EC0-301F-11D3-BF4B-00C04F79EFBC}") = "04.ListOfProducts", "04.ListOfProducts\04.ListOfProducts.csproj", "{38E05505-EA55-4AAE-BE21-8082F3E385B9}"
EndProject
Project("{FAE04EC0-301F-11D3-BF4B-00C04F79EFBC}") = "05.ReversedOrder", "05.ReversedOrder\05.ReversedOrder.csproj", "{E0448C4E-3AAE-4C27-8D4C-62A5CC02FCFE}"
EndProject
Project("{FAE04EC0-301F-11D3-BF4B-00C04F79EFBC}") = "06.ListManipulationCommands", "06.ListManipulationCommands\06.ListManipulationCommands.csproj", "{ADE67107-C81E-49EF-A0D1-BA5C9497658C}"
EndProject
Project("{FAE04EC0-301F-11D3-BF4B-00C04F79EFBC}") = "07.AdvancedManipulation", "07.AdvancedManipılation\07.AdvancedManipulation.csproj", "{D6522EED-0885-4F79-9CEF-BBC53D825F63}"
EndProject
Global
	GlobalSection(SolutionConfigurationPlatforms) = preSolution
		Debug|Any CPU = Debug|Any CPU
		Release|Any CPU = Release|Any CPU
	EndGlobalSection
	GlobalSection(ProjectConfigurationPlatforms) = postSolution
		{7823BF14-378E-453C-ACA3-18C658858C20}.Debug|Any CPU.ActiveCfg = Debug|Any CPU
		{7823BF14-378E-453C-ACA3-18C658858C20}.Debug|Any CPU.Build.0 = Debug|Any CPU
		{7823BF14-378E-453C-ACA3-18C658858C20}.Release|Any CPU.ActiveCfg = Release|Any CPU
		{7823BF14-378E-453C-ACA3-18C658858C20}.Release|Any CPU.Build.0 = Release|Any CPU
		{88EB5E3E-DD74-4847-9843-14E613E1E733}.Debug|Any CPU.ActiveCfg = Debug|Any CPU
		{88EB5E3E-DD74-4847-9843-14E613E1E733}.Debug|Any CPU.Build.0 = Debug|Any CPU
		{88EB5E3E-DD74-4847-9843-14E613E1E733}.Release|Any CPU.ActiveCfg = Release|Any CPU
		{88EB5E3E-DD74-4847-9843-14E613E1E733}.Release|Any CPU.Build.0 = Release|Any CPU
		{B8C20A9A-56DE-4C26-9D6A-0F8E2477B63D}.Debug|Any CPU.ActiveCfg = Debug|Any CPU
		{B8C20A9A-56DE-4C26-9D6A-0F8E2477B63D}.Debug|Any CPU.Build.0 = Debug|Any CPU
		{B8C20A9A-56DE-4C26-9D6A-0F8E2477B63D}.Release|Any CPU.ActiveCfg = Release|Any CPU
		{B8C20A9A-56DE-4C26-9D6A-0F8E2477B63D}.Release|Any CPU.Build.0 = Release|Any CPU
		{38E05505-EA55-4AAE-BE21-8082F3E385B9}.Debug|Any CPU.ActiveCfg = Debug|Any CPU
		{38E05505-EA55-4AAE-BE21-8082F3E385B9}.Debug|Any CPU.Build.0 = Debug|Any CPU
		{38E05505-EA55-4AAE-BE21-8082F3E385B9}.Release|Any CPU.ActiveCfg = Release|Any CPU
		{38E05505-EA55-4AAE-BE21-8082F3E385B9}.Release|Any CPU.Build.0 = Release|Any CPU
		{E0448C4E-3AAE-4C27-8D4C-62A5CC02FCFE}.Debug|Any CPU.ActiveCfg = Debug|Any CPU
		{E0448C4E-3AAE-4C27-8D4C-62A5CC02FCFE}.Debug|Any CPU.Build.0 = Debug|Any CPU
		{E0448C4E-3AAE-4C27-8D4C-62A5CC02FCFE}.Release|Any CPU.ActiveCfg = Release|Any CPU
		{E0448C4E-3AAE-4C27-8D4C-62A5CC02FCFE}.Release|Any CPU.Build.0 = Release|Any CPU
		{ADE67107-C81E-49EF-A0D1-BA5C9497658C}.Debug|Any CPU.ActiveCfg = Debug|Any CPU
		{ADE67107-C81E-49EF-A0D1-BA5C9497658C}.Debug|Any CPU.Build.0 = Debug|Any CPU
		{ADE67107-C81E-49EF-A0D1-BA5C9497658C}.Release|Any CPU.ActiveCfg = Release|Any CPU
		{ADE67107-C81E-49EF-A0D1-BA5C9497658C}.Release|Any CPU.Build.0 = Release|Any CPU
		{D6522EED-0885-4F79-9CEF-BBC53D825F63}.Debug|Any CPU.ActiveCfg = Debug|Any CPU
		{D6522EED-0885-4F79-9CEF-BBC53D825F63}.Debug|Any CPU.Build.0 = Debug|Any CPU
		{D6522EED-0885-4F79-9CEF-BBC53D825F63}.Release|Any CPU.ActiveCfg = Release|Any CPU
		{D6522EED-0885-4F79-9CEF-BBC53D825F63}.Release|Any CPU.Build.0 = Release|Any CPU
	EndGlobalSection
	GlobalSection(SolutionProperties) = preSolution
		HideSolutionNode = FALSE
	EndGlobalSection
	GlobalSection(ExtensibilityGlobals) = postSolution
		SolutionGuid = {6B916605-C3D8-4354-843B-093EB4C388A7}
	EndGlobalSection
EndGlobal
