
Microsoft Visual Studio Solution File, Format Version 12.00
# Visual Studio Version 17
VisualStudioVersion = 17.14.36221.1 d17.14
MinimumVisualStudioVersion = 10.0.40219.1
Project("{FAE04EC0-301F-11D3-BF4B-00C04F79EFBC}") = "01.ValidUsernames", "..\01.ValidUsernames\01.ValidUsernames.csproj", "{53DC53CF-448C-45E2-9E79-4753D54582A9}"
EndProject
Project("{FAE04EC0-301F-11D3-BF4B-00C04F79EFBC}") = "02.CharacterMultiplier", "..\02.CharacterMultiplier\02.CharacterMultiplier.csproj", "{925D6C11-F9D4-490D-811A-449417151376}"
EndProject
Project("{FAE04EC0-301F-11D3-BF4B-00C04F79EFBC}") = "05.MultiplyBigNumber", "..\05.MultiplyBigNumber\05.MultiplyBigNumber.csproj", "{1C92FBC5-6A8D-4BC0-B3CE-439BB44C833D}"
EndProject
Project("{FAE04EC0-301F-11D3-BF4B-00C04F79EFBC}") = "03.ExtractFile", "..\03.ExtractFile\03.ExtractFile.csproj", "{763496DE-5C7B-428A-9EF8-9CAD0F61445D}"
EndProject
Global
	GlobalSection(SolutionConfigurationPlatforms) = preSolution
		Debug|Any CPU = Debug|Any CPU
		Release|Any CPU = Release|Any CPU
	EndGlobalSection
	GlobalSection(ProjectConfigurationPlatforms) = postSolution
		{53DC53CF-448C-45E2-9E79-4753D54582A9}.Debug|Any CPU.ActiveCfg = Debug|Any CPU
		{53DC53CF-448C-45E2-9E79-4753D54582A9}.Debug|Any CPU.Build.0 = Debug|Any CPU
		{53DC53CF-448C-45E2-9E79-4753D54582A9}.Release|Any CPU.ActiveCfg = Release|Any CPU
		{53DC53CF-448C-45E2-9E79-4753D54582A9}.Release|Any CPU.Build.0 = Release|Any CPU
		{925D6C11-F9D4-490D-811A-449417151376}.Debug|Any CPU.ActiveCfg = Debug|Any CPU
		{925D6C11-F9D4-490D-811A-449417151376}.Debug|Any CPU.Build.0 = Debug|Any CPU
		{925D6C11-F9D4-490D-811A-449417151376}.Release|Any CPU.ActiveCfg = Release|Any CPU
		{925D6C11-F9D4-490D-811A-449417151376}.Release|Any CPU.Build.0 = Release|Any CPU
		{1C92FBC5-6A8D-4BC0-B3CE-439BB44C833D}.Debug|Any CPU.ActiveCfg = Debug|Any CPU
		{1C92FBC5-6A8D-4BC0-B3CE-439BB44C833D}.Debug|Any CPU.Build.0 = Debug|Any CPU
		{1C92FBC5-6A8D-4BC0-B3CE-439BB44C833D}.Release|Any CPU.ActiveCfg = Release|Any CPU
		{1C92FBC5-6A8D-4BC0-B3CE-439BB44C833D}.Release|Any CPU.Build.0 = Release|Any CPU
		{763496DE-5C7B-428A-9EF8-9CAD0F61445D}.Debug|Any CPU.ActiveCfg = Debug|Any CPU
		{763496DE-5C7B-428A-9EF8-9CAD0F61445D}.Debug|Any CPU.Build.0 = Debug|Any CPU
		{763496DE-5C7B-428A-9EF8-9CAD0F61445D}.Release|Any CPU.ActiveCfg = Release|Any CPU
		{763496DE-5C7B-428A-9EF8-9CAD0F61445D}.Release|Any CPU.Build.0 = Release|Any CPU
	EndGlobalSection
	GlobalSection(SolutionProperties) = preSolution
		HideSolutionNode = FALSE
	EndGlobalSection
	GlobalSection(ExtensibilityGlobals) = postSolution
		SolutionGuid = {F9814F0F-CDAD-43B5-A3F9-F01DB8148ACE}
	EndGlobalSection
EndGlobal
