
Microsoft Visual Studio Solution File, Format Version 12.00
# Visual Studio Version 17
VisualStudioVersion = 17.9.34622.214
MinimumVisualStudioVersion = 10.0.40219.1
Project("{FAE04EC0-301F-11D3-BF4B-00C04F79EFBC}") = "01.Same3", "Exercise_Methods\01.Same3.csproj", "{B8CDB3AF-CF71-47F6-91A1-37C9790E2DB1}"
EndProject
Project("{FAE04EC0-301F-11D3-BF4B-00C04F79EFBC}") = "02.VowelsCount", "02.VowelsCount\02.VowelsCount.csproj", "{242019F6-8D72-4D77-B706-A1E7B38D1AA8}"
EndProject
Project("{FAE04EC0-301F-11D3-BF4B-00C04F79EFBC}") = "03.CharsInRange", "03.CharsInRange\03.CharsInRange.csproj", "{8FF8C056-F4AD-4577-A0E2-EC17BF47555C}"
EndProject
Global
	GlobalSection(SolutionConfigurationPlatforms) = preSolution
		Debug|Any CPU = Debug|Any CPU
		Release|Any CPU = Release|Any CPU
	EndGlobalSection
	GlobalSection(ProjectConfigurationPlatforms) = postSolution
		{B8CDB3AF-CF71-47F6-91A1-37C9790E2DB1}.Debug|Any CPU.ActiveCfg = Debug|Any CPU
		{B8CDB3AF-CF71-47F6-91A1-37C9790E2DB1}.Debug|Any CPU.Build.0 = Debug|Any CPU
		{B8CDB3AF-CF71-47F6-91A1-37C9790E2DB1}.Release|Any CPU.ActiveCfg = Release|Any CPU
		{B8CDB3AF-CF71-47F6-91A1-37C9790E2DB1}.Release|Any CPU.Build.0 = Release|Any CPU
		{242019F6-8D72-4D77-B706-A1E7B38D1AA8}.Debug|Any CPU.ActiveCfg = Debug|Any CPU
		{242019F6-8D72-4D77-B706-A1E7B38D1AA8}.Debug|Any CPU.Build.0 = Debug|Any CPU
		{242019F6-8D72-4D77-B706-A1E7B38D1AA8}.Release|Any CPU.ActiveCfg = Release|Any CPU
		{242019F6-8D72-4D77-B706-A1E7B38D1AA8}.Release|Any CPU.Build.0 = Release|Any CPU
		{8FF8C056-F4AD-4577-A0E2-EC17BF47555C}.Debug|Any CPU.ActiveCfg = Debug|Any CPU
		{8FF8C056-F4AD-4577-A0E2-EC17BF47555C}.Debug|Any CPU.Build.0 = Debug|Any CPU
		{8FF8C056-F4AD-4577-A0E2-EC17BF47555C}.Release|Any CPU.ActiveCfg = Release|Any CPU
		{8FF8C056-F4AD-4577-A0E2-EC17BF47555C}.Release|Any CPU.Build.0 = Release|Any CPU
	EndGlobalSection
	GlobalSection(SolutionProperties) = preSolution
		HideSolutionNode = FALSE
	EndGlobalSection
	GlobalSection(ExtensibilityGlobals) = postSolution
		SolutionGuid = {0BBDCE43-662E-4C81-B8AD-7C1D3D956257}
	EndGlobalSection
EndGlobal
