
Microsoft Visual Studio Solution File, Format Version 12.00
# Visual Studio Version 17
VisualStudioVersion = 17.9.34622.214
MinimumVisualStudioVersion = 10.0.40219.1
Project("{FAE04EC0-301F-11D3-BF4B-00C04F79EFBC}") = "01.Same3", "Exercise_Methods\01.Same3.csproj", "{B8CDB3AF-CF71-47F6-91A1-37C9790E2DB1}"
EndProject
Project("{FAE04EC0-301F-11D3-BF4B-00C04F79EFBC}") = "02.VowelsCount", "02.VowelsCount\02.VowelsCount.csproj", "{242019F6-8D72-4D77-B706-A1E7B38D1AA8}"
EndProject
Project("{FAE04EC0-301F-11D3-BF4B-00C04F79EFBC}") = "03.CharsInRange", "03.CharsInRange\03.CharsInRange.csproj", "{8FF8C056-F4AD-4577-A0E2-EC17BF47555C}"
EndProject
Project("{FAE04EC0-301F-11D3-BF4B-00C04F79EFBC}") = "04.PasswordValidator", "04.PasswordValidator\04.PasswordValidator.csproj", "{2B638AE9-F927-487C-BE6B-6C79C14535E6}"
EndProject
Project("{FAE04EC0-301F-11D3-BF4B-00C04F79EFBC}") = "05.AddAndSubtract", "05.AddAndSubtract\05.AddAndSubtract.csproj", "{F4CA3734-A564-47AF-8B2B-2924ECF4AC1C}"
EndProject
Project("{FAE04EC0-301F-11D3-BF4B-00C04F79EFBC}") = "06.MiddleCharacters", "06.MiddleCharacters\06.MiddleCharacters.csproj", "{8E8C36E2-9690-47B5-9998-2B98E5E29CE5}"
EndProject
Project("{FAE04EC0-301F-11D3-BF4B-00C04F79EFBC}") = "07.NxNMatrics", "07.NxNMatrics\07.NxNMatrics.csproj", "{83CD1458-0EE3-4134-AAB7-A874261C31E9}"
EndProject
Project("{FAE04EC0-301F-11D3-BF4B-00C04F79EFBC}") = "08.FactorialDivision", "08.FactorialDivision\08.FactorialDivision.csproj", "{1EC4D00A-2BA5-425C-895E-B40105BABC10}"
EndProject
Project("{FAE04EC0-301F-11D3-BF4B-00C04F79EFBC}") = "09.PalindromeIntegers", "09.PalindromeIntegers\09.PalindromeIntegers.csproj", "{B8A50139-ED23-4FF5-8BD2-3078DC4C743B}"
EndProject
Project("{FAE04EC0-301F-11D3-BF4B-00C04F79EFBC}") = "10.TopNumber", "10.TopNumber\10.TopNumber.csproj", "{A2DDB231-A15C-4D5B-8102-1D521BC5EA4D}"
EndProject
Global
	GlobalSection(SolutionConfigurationPlatforms) = preSolution
		Debug|Any CPU = Debug|Any CPU
		Release|Any CPU = Release|Any CPU
	EndGlobalSection
	GlobalSection(ProjectConfigurationPlatforms) = postSolution
		{B8CDB3AF-CF71-47F6-91A1-37C9790E2DB1}.Debug|Any CPU.ActiveCfg = Debug|Any CPU
		{B8CDB3AF-CF71-47F6-91A1-37C9790E2DB1}.Debug|Any CPU.Build.0 = Debug|Any CPU
		{B8CDB3AF-CF71-47F6-91A1-37C9790E2DB1}.Release|Any CPU.ActiveCfg = Release|Any CPU
		{B8CDB3AF-CF71-47F6-91A1-37C9790E2DB1}.Release|Any CPU.Build.0 = Release|Any CPU
		{242019F6-8D72-4D77-B706-A1E7B38D1AA8}.Debug|Any CPU.ActiveCfg = Debug|Any CPU
		{242019F6-8D72-4D77-B706-A1E7B38D1AA8}.Debug|Any CPU.Build.0 = Debug|Any CPU
		{242019F6-8D72-4D77-B706-A1E7B38D1AA8}.Release|Any CPU.ActiveCfg = Release|Any CPU
		{242019F6-8D72-4D77-B706-A1E7B38D1AA8}.Release|Any CPU.Build.0 = Release|Any CPU
		{8FF8C056-F4AD-4577-A0E2-EC17BF47555C}.Debug|Any CPU.ActiveCfg = Debug|Any CPU
		{8FF8C056-F4AD-4577-A0E2-EC17BF47555C}.Debug|Any CPU.Build.0 = Debug|Any CPU
		{8FF8C056-F4AD-4577-A0E2-EC17BF47555C}.Release|Any CPU.ActiveCfg = Release|Any CPU
		{8FF8C056-F4AD-4577-A0E2-EC17BF47555C}.Release|Any CPU.Build.0 = Release|Any CPU
		{2B638AE9-F927-487C-BE6B-6C79C14535E6}.Debug|Any CPU.ActiveCfg = Debug|Any CPU
		{2B638AE9-F927-487C-BE6B-6C79C14535E6}.Debug|Any CPU.Build.0 = Debug|Any CPU
		{2B638AE9-F927-487C-BE6B-6C79C14535E6}.Release|Any CPU.ActiveCfg = Release|Any CPU
		{2B638AE9-F927-487C-BE6B-6C79C14535E6}.Release|Any CPU.Build.0 = Release|Any CPU
		{F4CA3734-A564-47AF-8B2B-2924ECF4AC1C}.Debug|Any CPU.ActiveCfg = Debug|Any CPU
		{F4CA3734-A564-47AF-8B2B-2924ECF4AC1C}.Debug|Any CPU.Build.0 = Debug|Any CPU
		{F4CA3734-A564-47AF-8B2B-2924ECF4AC1C}.Release|Any CPU.ActiveCfg = Release|Any CPU
		{F4CA3734-A564-47AF-8B2B-2924ECF4AC1C}.Release|Any CPU.Build.0 = Release|Any CPU
		{8E8C36E2-9690-47B5-9998-2B98E5E29CE5}.Debug|Any CPU.ActiveCfg = Debug|Any CPU
		{8E8C36E2-9690-47B5-9998-2B98E5E29CE5}.Debug|Any CPU.Build.0 = Debug|Any CPU
		{8E8C36E2-9690-47B5-9998-2B98E5E29CE5}.Release|Any CPU.ActiveCfg = Release|Any CPU
		{8E8C36E2-9690-47B5-9998-2B98E5E29CE5}.Release|Any CPU.Build.0 = Release|Any CPU
		{83CD1458-0EE3-4134-AAB7-A874261C31E9}.Debug|Any CPU.ActiveCfg = Debug|Any CPU
		{83CD1458-0EE3-4134-AAB7-A874261C31E9}.Debug|Any CPU.Build.0 = Debug|Any CPU
		{83CD1458-0EE3-4134-AAB7-A874261C31E9}.Release|Any CPU.ActiveCfg = Release|Any CPU
		{83CD1458-0EE3-4134-AAB7-A874261C31E9}.Release|Any CPU.Build.0 = Release|Any CPU
		{1EC4D00A-2BA5-425C-895E-B40105BABC10}.Debug|Any CPU.ActiveCfg = Debug|Any CPU
		{1EC4D00A-2BA5-425C-895E-B40105BABC10}.Debug|Any CPU.Build.0 = Debug|Any CPU
		{1EC4D00A-2BA5-425C-895E-B40105BABC10}.Release|Any CPU.ActiveCfg = Release|Any CPU
		{1EC4D00A-2BA5-425C-895E-B40105BABC10}.Release|Any CPU.Build.0 = Release|Any CPU
		{B8A50139-ED23-4FF5-8BD2-3078DC4C743B}.Debug|Any CPU.ActiveCfg = Debug|Any CPU
		{B8A50139-ED23-4FF5-8BD2-3078DC4C743B}.Debug|Any CPU.Build.0 = Debug|Any CPU
		{B8A50139-ED23-4FF5-8BD2-3078DC4C743B}.Release|Any CPU.ActiveCfg = Release|Any CPU
		{B8A50139-ED23-4FF5-8BD2-3078DC4C743B}.Release|Any CPU.Build.0 = Release|Any CPU
		{A2DDB231-A15C-4D5B-8102-1D521BC5EA4D}.Debug|Any CPU.ActiveCfg = Debug|Any CPU
		{A2DDB231-A15C-4D5B-8102-1D521BC5EA4D}.Debug|Any CPU.Build.0 = Debug|Any CPU
		{A2DDB231-A15C-4D5B-8102-1D521BC5EA4D}.Release|Any CPU.ActiveCfg = Release|Any CPU
		{A2DDB231-A15C-4D5B-8102-1D521BC5EA4D}.Release|Any CPU.Build.0 = Release|Any CPU
	EndGlobalSection
	GlobalSection(SolutionProperties) = preSolution
		HideSolutionNode = FALSE
	EndGlobalSection
	GlobalSection(ExtensibilityGlobals) = postSolution
		SolutionGuid = {0BBDCE43-662E-4C81-B8AD-7C1D3D956257}
	EndGlobalSection
EndGlobal
