
Microsoft Visual Studio Solution File, Format Version 12.00
# Visual Studio Version 17
VisualStudioVersion = 17.9.34622.214
MinimumVisualStudioVersion = 10.0.40219.1
Project("{FAE04EC0-301F-11D3-BF4B-00C04F79EFBC}") = "01.SignOfIntegers", "01.SignOfIntegers\01.SignOfIntegers.csproj", "{C13E79C4-ECB5-4C8C-B0BE-0E02A3BF9727}"
EndProject
Project("{FAE04EC0-301F-11D3-BF4B-00C04F79EFBC}") = "02.Grades", "02.Grades\02.Grades.csproj", "{779DAA09-1776-4E9D-8E1F-0BA23BC135E6}"
EndProject
Project("{FAE04EC0-301F-11D3-BF4B-00C04F79EFBC}") = "03.Calculations", "03.Calculations\03.Calculations.csproj", "{778DADAD-F25D-4513-AE8F-34A5970699F9}"
EndProject
Project("{FAE04EC0-301F-11D3-BF4B-00C04F79EFBC}") = "04.printTriangle", "04.printTriangle\04.printTriangle.csproj", "{540D146F-E344-47E4-BE9C-301860742603}"
EndProject
Project("{FAE04EC0-301F-11D3-BF4B-00C04F79EFBC}") = "05.Orders", "05.Orders\05.Orders.csproj", "{BE637D9A-5F59-4D2E-A4F6-685D819FCBD4}"
EndProject
Project("{FAE04EC0-301F-11D3-BF4B-00C04F79EFBC}") = "06.CalcRectangleArea", "06.CalcRectangleArea\06.CalcRectangleArea.csproj", "{7012B639-93F4-4F4A-B723-41FFE8058D7E}"
EndProject
Project("{FAE04EC0-301F-11D3-BF4B-00C04F79EFBC}") = "07.RepeatSring", "07.RepeatSring\07.RepeatSring.csproj", "{E40C03B9-8569-400F-9EE8-36B390196EAD}"
EndProject
Project("{FAE04EC0-301F-11D3-BF4B-00C04F79EFBC}") = "08.MathPower", "08.MathPower\08.MathPower.csproj", "{EF747BCF-0F8C-4A5E-90FA-30F779AAFE10}"
EndProject
Project("{FAE04EC0-301F-11D3-BF4B-00C04F79EFBC}") = "09.GreaterOfTwo", "09.GreaterOfTwo\09.GreaterOfTwo.csproj", "{2CF5EC1D-D108-410B-B8ED-C8F4CEFF5C8E}"
EndProject
Project("{FAE04EC0-301F-11D3-BF4B-00C04F79EFBC}") = "10.MultiplyEvensByOdds", "10.MultiplyEvensByOdds\10.MultiplyEvensByOdds.csproj", "{7BF782A1-9761-4425-A5FE-98AC4058801E}"
EndProject
Project("{FAE04EC0-301F-11D3-BF4B-00C04F79EFBC}") = "11.MathOperations", "11.MathOperations\11.MathOperations.csproj", "{9A217E23-577D-4F2D-901B-9D35E0C19882}"
EndProject
Global
	GlobalSection(SolutionConfigurationPlatforms) = preSolution
		Debug|Any CPU = Debug|Any CPU
		Release|Any CPU = Release|Any CPU
	EndGlobalSection
	GlobalSection(ProjectConfigurationPlatforms) = postSolution
		{C13E79C4-ECB5-4C8C-B0BE-0E02A3BF9727}.Debug|Any CPU.ActiveCfg = Debug|Any CPU
		{C13E79C4-ECB5-4C8C-B0BE-0E02A3BF9727}.Debug|Any CPU.Build.0 = Debug|Any CPU
		{C13E79C4-ECB5-4C8C-B0BE-0E02A3BF9727}.Release|Any CPU.ActiveCfg = Release|Any CPU
		{C13E79C4-ECB5-4C8C-B0BE-0E02A3BF9727}.Release|Any CPU.Build.0 = Release|Any CPU
		{779DAA09-1776-4E9D-8E1F-0BA23BC135E6}.Debug|Any CPU.ActiveCfg = Debug|Any CPU
		{779DAA09-1776-4E9D-8E1F-0BA23BC135E6}.Debug|Any CPU.Build.0 = Debug|Any CPU
		{779DAA09-1776-4E9D-8E1F-0BA23BC135E6}.Release|Any CPU.ActiveCfg = Release|Any CPU
		{779DAA09-1776-4E9D-8E1F-0BA23BC135E6}.Release|Any CPU.Build.0 = Release|Any CPU
		{778DADAD-F25D-4513-AE8F-34A5970699F9}.Debug|Any CPU.ActiveCfg = Debug|Any CPU
		{778DADAD-F25D-4513-AE8F-34A5970699F9}.Debug|Any CPU.Build.0 = Debug|Any CPU
		{778DADAD-F25D-4513-AE8F-34A5970699F9}.Release|Any CPU.ActiveCfg = Release|Any CPU
		{778DADAD-F25D-4513-AE8F-34A5970699F9}.Release|Any CPU.Build.0 = Release|Any CPU
		{540D146F-E344-47E4-BE9C-301860742603}.Debug|Any CPU.ActiveCfg = Debug|Any CPU
		{540D146F-E344-47E4-BE9C-301860742603}.Debug|Any CPU.Build.0 = Debug|Any CPU
		{540D146F-E344-47E4-BE9C-301860742603}.Release|Any CPU.ActiveCfg = Release|Any CPU
		{540D146F-E344-47E4-BE9C-301860742603}.Release|Any CPU.Build.0 = Release|Any CPU
		{BE637D9A-5F59-4D2E-A4F6-685D819FCBD4}.Debug|Any CPU.ActiveCfg = Debug|Any CPU
		{BE637D9A-5F59-4D2E-A4F6-685D819FCBD4}.Debug|Any CPU.Build.0 = Debug|Any CPU
		{BE637D9A-5F59-4D2E-A4F6-685D819FCBD4}.Release|Any CPU.ActiveCfg = Release|Any CPU
		{BE637D9A-5F59-4D2E-A4F6-685D819FCBD4}.Release|Any CPU.Build.0 = Release|Any CPU
		{7012B639-93F4-4F4A-B723-41FFE8058D7E}.Debug|Any CPU.ActiveCfg = Debug|Any CPU
		{7012B639-93F4-4F4A-B723-41FFE8058D7E}.Debug|Any CPU.Build.0 = Debug|Any CPU
		{7012B639-93F4-4F4A-B723-41FFE8058D7E}.Release|Any CPU.ActiveCfg = Release|Any CPU
		{7012B639-93F4-4F4A-B723-41FFE8058D7E}.Release|Any CPU.Build.0 = Release|Any CPU
		{E40C03B9-8569-400F-9EE8-36B390196EAD}.Debug|Any CPU.ActiveCfg = Debug|Any CPU
		{E40C03B9-8569-400F-9EE8-36B390196EAD}.Debug|Any CPU.Build.0 = Debug|Any CPU
		{E40C03B9-8569-400F-9EE8-36B390196EAD}.Release|Any CPU.ActiveCfg = Release|Any CPU
		{E40C03B9-8569-400F-9EE8-36B390196EAD}.Release|Any CPU.Build.0 = Release|Any CPU
		{EF747BCF-0F8C-4A5E-90FA-30F779AAFE10}.Debug|Any CPU.ActiveCfg = Debug|Any CPU
		{EF747BCF-0F8C-4A5E-90FA-30F779AAFE10}.Debug|Any CPU.Build.0 = Debug|Any CPU
		{EF747BCF-0F8C-4A5E-90FA-30F779AAFE10}.Release|Any CPU.ActiveCfg = Release|Any CPU
		{EF747BCF-0F8C-4A5E-90FA-30F779AAFE10}.Release|Any CPU.Build.0 = Release|Any CPU
		{2CF5EC1D-D108-410B-B8ED-C8F4CEFF5C8E}.Debug|Any CPU.ActiveCfg = Debug|Any CPU
		{2CF5EC1D-D108-410B-B8ED-C8F4CEFF5C8E}.Debug|Any CPU.Build.0 = Debug|Any CPU
		{2CF5EC1D-D108-410B-B8ED-C8F4CEFF5C8E}.Release|Any CPU.ActiveCfg = Release|Any CPU
		{2CF5EC1D-D108-410B-B8ED-C8F4CEFF5C8E}.Release|Any CPU.Build.0 = Release|Any CPU
		{7BF782A1-9761-4425-A5FE-98AC4058801E}.Debug|Any CPU.ActiveCfg = Debug|Any CPU
		{7BF782A1-9761-4425-A5FE-98AC4058801E}.Debug|Any CPU.Build.0 = Debug|Any CPU
		{7BF782A1-9761-4425-A5FE-98AC4058801E}.Release|Any CPU.ActiveCfg = Release|Any CPU
		{7BF782A1-9761-4425-A5FE-98AC4058801E}.Release|Any CPU.Build.0 = Release|Any CPU
		{9A217E23-577D-4F2D-901B-9D35E0C19882}.Debug|Any CPU.ActiveCfg = Debug|Any CPU
		{9A217E23-577D-4F2D-901B-9D35E0C19882}.Debug|Any CPU.Build.0 = Debug|Any CPU
		{9A217E23-577D-4F2D-901B-9D35E0C19882}.Release|Any CPU.ActiveCfg = Release|Any CPU
		{9A217E23-577D-4F2D-901B-9D35E0C19882}.Release|Any CPU.Build.0 = Release|Any CPU
	EndGlobalSection
	GlobalSection(SolutionProperties) = preSolution
		HideSolutionNode = FALSE
	EndGlobalSection
	GlobalSection(ExtensibilityGlobals) = postSolution
		SolutionGuid = {BC18D61F-537D-4795-B20F-3D2FC7B79CE0}
	EndGlobalSection
EndGlobal
