
Microsoft Visual Studio Solution File, Format Version 12.00
# Visual Studio Version 17
VisualStudioVersion = 17.9.34622.214
MinimumVisualStudioVersion = 10.0.40219.1
Project("{9A19103F-16F7-4668-BE54-9A1E7A4F7556}") = "SoftuniFundamentals(BasicSyntax6)", "SoftuniFundamentals(BasicSyntax6)\SoftuniFundamentals(BasicSyntax6).csproj", "{74A31F77-D6E9-486D-BC64-A1D1726834FE}"
EndProject
Project("{9A19103F-16F7-4668-BE54-9A1E7A4F7556}") = "02.Division", "02.Division\02.Division.csproj", "{791A0A39-E46E-456E-9D46-75F9374D774B}"
EndProject
Project("{9A19103F-16F7-4668-BE54-9A1E7A4F7556}") = "03.Vacation", "03.Vacation\03.Vacation.csproj", "{B1C4B83D-B576-42A2-8C6F-C5ABEB92EF3C}"
EndProject
Project("{9A19103F-16F7-4668-BE54-9A1E7A4F7556}") = "04.ClickAndSum", "04.ClickAndSum\04.ClickAndSum.csproj", "{B8FD4CA6-D25D-42CD-81ED-CDDE05F287DB}"
EndProject
Project("{9A19103F-16F7-4668-BE54-9A1E7A4F7556}") = "05.Login", "05.Login\05.Login.csproj", "{DB677DD6-5210-461A-A2C4-700D0DE16957}"
EndProject
Project("{9A19103F-16F7-4668-BE54-9A1E7A4F7556}") = "06.StrongNumber", "06.StrongNumber\06.StrongNumber.csproj", "{04924920-CFB4-403A-A568-F69AF3142C81}"
EndProject
Project("{9A19103F-16F7-4668-BE54-9A1E7A4F7556}") = "07.VendingMachine", "07.VendingMachine\07.VendingMachine.csproj", "{18FFBEFB-17E7-4FFE-909E-3743E3080DBC}"
EndProject
Project("{FAE04EC0-301F-11D3-BF4B-00C04F79EFBC}") = "08.NumberTriangle", "08.NumberTriangle\08.NumberTriangle.csproj", "{22C5168F-EBD7-49AF-A96E-29E51977DFA8}"
EndProject
Global
	GlobalSection(SolutionConfigurationPlatforms) = preSolution
		Debug|Any CPU = Debug|Any CPU
		Release|Any CPU = Release|Any CPU
	EndGlobalSection
	GlobalSection(ProjectConfigurationPlatforms) = postSolution
		{74A31F77-D6E9-486D-BC64-A1D1726834FE}.Debug|Any CPU.ActiveCfg = Debug|Any CPU
		{74A31F77-D6E9-486D-BC64-A1D1726834FE}.Debug|Any CPU.Build.0 = Debug|Any CPU
		{74A31F77-D6E9-486D-BC64-A1D1726834FE}.Release|Any CPU.ActiveCfg = Release|Any CPU
		{74A31F77-D6E9-486D-BC64-A1D1726834FE}.Release|Any CPU.Build.0 = Release|Any CPU
		{791A0A39-E46E-456E-9D46-75F9374D774B}.Debug|Any CPU.ActiveCfg = Debug|Any CPU
		{791A0A39-E46E-456E-9D46-75F9374D774B}.Debug|Any CPU.Build.0 = Debug|Any CPU
		{791A0A39-E46E-456E-9D46-75F9374D774B}.Release|Any CPU.ActiveCfg = Release|Any CPU
		{791A0A39-E46E-456E-9D46-75F9374D774B}.Release|Any CPU.Build.0 = Release|Any CPU
		{B1C4B83D-B576-42A2-8C6F-C5ABEB92EF3C}.Debug|Any CPU.ActiveCfg = Debug|Any CPU
		{B1C4B83D-B576-42A2-8C6F-C5ABEB92EF3C}.Debug|Any CPU.Build.0 = Debug|Any CPU
		{B1C4B83D-B576-42A2-8C6F-C5ABEB92EF3C}.Release|Any CPU.ActiveCfg = Release|Any CPU
		{B1C4B83D-B576-42A2-8C6F-C5ABEB92EF3C}.Release|Any CPU.Build.0 = Release|Any CPU
		{B8FD4CA6-D25D-42CD-81ED-CDDE05F287DB}.Debug|Any CPU.ActiveCfg = Debug|Any CPU
		{B8FD4CA6-D25D-42CD-81ED-CDDE05F287DB}.Debug|Any CPU.Build.0 = Debug|Any CPU
		{B8FD4CA6-D25D-42CD-81ED-CDDE05F287DB}.Release|Any CPU.ActiveCfg = Release|Any CPU
		{B8FD4CA6-D25D-42CD-81ED-CDDE05F287DB}.Release|Any CPU.Build.0 = Release|Any CPU
		{DB677DD6-5210-461A-A2C4-700D0DE16957}.Debug|Any CPU.ActiveCfg = Debug|Any CPU
		{DB677DD6-5210-461A-A2C4-700D0DE16957}.Debug|Any CPU.Build.0 = Debug|Any CPU
		{DB677DD6-5210-461A-A2C4-700D0DE16957}.Release|Any CPU.ActiveCfg = Release|Any CPU
		{DB677DD6-5210-461A-A2C4-700D0DE16957}.Release|Any CPU.Build.0 = Release|Any CPU
		{04924920-CFB4-403A-A568-F69AF3142C81}.Debug|Any CPU.ActiveCfg = Debug|Any CPU
		{04924920-CFB4-403A-A568-F69AF3142C81}.Debug|Any CPU.Build.0 = Debug|Any CPU
		{04924920-CFB4-403A-A568-F69AF3142C81}.Release|Any CPU.ActiveCfg = Release|Any CPU
		{04924920-CFB4-403A-A568-F69AF3142C81}.Release|Any CPU.Build.0 = Release|Any CPU
		{18FFBEFB-17E7-4FFE-909E-3743E3080DBC}.Debug|Any CPU.ActiveCfg = Debug|Any CPU
		{18FFBEFB-17E7-4FFE-909E-3743E3080DBC}.Debug|Any CPU.Build.0 = Debug|Any CPU
		{18FFBEFB-17E7-4FFE-909E-3743E3080DBC}.Release|Any CPU.ActiveCfg = Release|Any CPU
		{18FFBEFB-17E7-4FFE-909E-3743E3080DBC}.Release|Any CPU.Build.0 = Release|Any CPU
		{22C5168F-EBD7-49AF-A96E-29E51977DFA8}.Debug|Any CPU.ActiveCfg = Debug|Any CPU
		{22C5168F-EBD7-49AF-A96E-29E51977DFA8}.Debug|Any CPU.Build.0 = Debug|Any CPU
		{22C5168F-EBD7-49AF-A96E-29E51977DFA8}.Release|Any CPU.ActiveCfg = Release|Any CPU
		{22C5168F-EBD7-49AF-A96E-29E51977DFA8}.Release|Any CPU.Build.0 = Release|Any CPU
	EndGlobalSection
	GlobalSection(SolutionProperties) = preSolution
		HideSolutionNode = FALSE
	EndGlobalSection
	GlobalSection(ExtensibilityGlobals) = postSolution
		SolutionGuid = {5BF3D1F7-4711-4D41-AF01-8612E88AAE9B}
	EndGlobalSection
EndGlobal
