
Microsoft Visual Studio Solution File, Format Version 12.00
# Visual Studio Version 17
VisualStudioVersion = 17.14.36221.1
MinimumVisualStudioVersion = 10.0.40219.1
Project("{FAE04EC0-301F-11D3-BF4B-00C04F79EFBC}") = "04.Students", "04.Students\04.Students.csproj", "{86514F7F-EFDC-40F2-A2E0-D9F729DD0484}"
EndProject
Project("{FAE04EC0-301F-11D3-BF4B-00C04F79EFBC}") = "01. AdvertisementMessage", "02. AdvertisementMessage\01. AdvertisementMessage.csproj", "{A302B7AD-E6EA-44C4-A193-A166C2C78258}"
EndProject
Project("{FAE04EC0-301F-11D3-BF4B-00C04F79EFBC}") = "02.Articles", "02.Articles\02.Articles.csproj", "{8C90F9EC-972D-488E-9ACE-6F886D459C6C}"
EndProject
Project("{FAE04EC0-301F-11D3-BF4B-00C04F79EFBC}") = "03.Articles02", "03.Articles02\03.Articles02.csproj", "{00F9C2C4-7E67-411D-B5A8-101AA6BB93E3}"
EndProject
Project("{FAE04EC0-301F-11D3-BF4B-00C04F79EFBC}") = "05.TeamworkProjects", "05.TeamworkProjects\05.TeamworkProjects.csproj", "{41FB07C5-16E4-486C-BA3D-C827746F7F6D}"
EndProject
Global
	GlobalSection(SolutionConfigurationPlatforms) = preSolution
		Debug|Any CPU = Debug|Any CPU
		Release|Any CPU = Release|Any CPU
	EndGlobalSection
	GlobalSection(ProjectConfigurationPlatforms) = postSolution
		{86514F7F-EFDC-40F2-A2E0-D9F729DD0484}.Debug|Any CPU.ActiveCfg = Debug|Any CPU
		{86514F7F-EFDC-40F2-A2E0-D9F729DD0484}.Debug|Any CPU.Build.0 = Debug|Any CPU
		{86514F7F-EFDC-40F2-A2E0-D9F729DD0484}.Release|Any CPU.ActiveCfg = Release|Any CPU
		{86514F7F-EFDC-40F2-A2E0-D9F729DD0484}.Release|Any CPU.Build.0 = Release|Any CPU
		{A302B7AD-E6EA-44C4-A193-A166C2C78258}.Debug|Any CPU.ActiveCfg = Debug|Any CPU
		{A302B7AD-E6EA-44C4-A193-A166C2C78258}.Debug|Any CPU.Build.0 = Debug|Any CPU
		{A302B7AD-E6EA-44C4-A193-A166C2C78258}.Release|Any CPU.ActiveCfg = Release|Any CPU
		{A302B7AD-E6EA-44C4-A193-A166C2C78258}.Release|Any CPU.Build.0 = Release|Any CPU
		{8C90F9EC-972D-488E-9ACE-6F886D459C6C}.Debug|Any CPU.ActiveCfg = Debug|Any CPU
		{8C90F9EC-972D-488E-9ACE-6F886D459C6C}.Debug|Any CPU.Build.0 = Debug|Any CPU
		{8C90F9EC-972D-488E-9ACE-6F886D459C6C}.Release|Any CPU.ActiveCfg = Release|Any CPU
		{8C90F9EC-972D-488E-9ACE-6F886D459C6C}.Release|Any CPU.Build.0 = Release|Any CPU
		{00F9C2C4-7E67-411D-B5A8-101AA6BB93E3}.Debug|Any CPU.ActiveCfg = Debug|Any CPU
		{00F9C2C4-7E67-411D-B5A8-101AA6BB93E3}.Debug|Any CPU.Build.0 = Debug|Any CPU
		{00F9C2C4-7E67-411D-B5A8-101AA6BB93E3}.Release|Any CPU.ActiveCfg = Release|Any CPU
		{00F9C2C4-7E67-411D-B5A8-101AA6BB93E3}.Release|Any CPU.Build.0 = Release|Any CPU
		{41FB07C5-16E4-486C-BA3D-C827746F7F6D}.Debug|Any CPU.ActiveCfg = Debug|Any CPU
		{41FB07C5-16E4-486C-BA3D-C827746F7F6D}.Debug|Any CPU.Build.0 = Debug|Any CPU
		{41FB07C5-16E4-486C-BA3D-C827746F7F6D}.Release|Any CPU.ActiveCfg = Release|Any CPU
		{41FB07C5-16E4-486C-BA3D-C827746F7F6D}.Release|Any CPU.Build.0 = Release|Any CPU
	EndGlobalSection
	GlobalSection(SolutionProperties) = preSolution
		HideSolutionNode = FALSE
	EndGlobalSection
	GlobalSection(ExtensibilityGlobals) = postSolution
		SolutionGuid = {9864D16A-C491-4B6C-8D6B-1524C81D140B}
	EndGlobalSection
EndGlobal
