
Microsoft Visual Studio Solution File, Format Version 12.00
# Visual Studio Version 17
VisualStudioVersion = 17.9.34622.214
MinimumVisualStudioVersion = 10.0.40219.1
Project("{FAE04EC0-301F-11D3-BF4B-00C04F79EFBC}") = "Arrays", "Arrays.csproj", "{239E9BC8-C18D-446F-8CE0-32348CB7AE45}"
EndProject
Project("{FAE04EC0-301F-11D3-BF4B-00C04F79EFBC}") = "01.DayOfWeek", "..\01.DayOfWeek\01.DayOfWeek.csproj", "{5A00A6AD-8FE3-4D7D-8A1B-57E81E1D4D7A}"
EndProject
Project("{FAE04EC0-301F-11D3-BF4B-00C04F79EFBC}") = "02.PrintInReverse", "..\02.PrintInReverse\02.PrintInReverse.csproj", "{6AD52E01-3956-4554-A079-8955BC7C6A5A}"
EndProject
Project("{FAE04EC0-301F-11D3-BF4B-00C04F79EFBC}") = "03.RoundingNumbers", "..\03.RoundingNumbers\03.RoundingNumbers.csproj", "{E10D94D9-926F-4DA2-87D4-3C9EF16DFE2B}"
EndProject
Project("{FAE04EC0-301F-11D3-BF4B-00C04F79EFBC}") = "04.ReverseArrayOfStrings", "..\04.ReverseArrayOfStrings\04.ReverseArrayOfStrings.csproj", "{598C4EC6-63B8-4168-819B-28169AFDF32B}"
EndProject
Project("{FAE04EC0-301F-11D3-BF4B-00C04F79EFBC}") = "05.SumEvenNumbers", "..\05.SumEvenNumbers\05.SumEvenNumbers.csproj", "{D0D8AD26-B858-44E2-B8AA-CDC0C38AC89C}"
EndProject
Project("{FAE04EC0-301F-11D3-BF4B-00C04F79EFBC}") = "06.EvenOddSubtraction", "..\06.EvenOddSubtraction\06.EvenOddSubtraction.csproj", "{9DA1E2E2-F99E-4F10-B4EF-2ED4FA64B40A}"
EndProject
Project("{FAE04EC0-301F-11D3-BF4B-00C04F79EFBC}") = "07.EqualArrays", "..\07.EqualArrays\07.EqualArrays.csproj", "{829E4C93-BD6A-45E5-ACC6-4AF2F6AEE6EE}"
EndProject
Global
	GlobalSection(SolutionConfigurationPlatforms) = preSolution
		Debug|Any CPU = Debug|Any CPU
		Release|Any CPU = Release|Any CPU
	EndGlobalSection
	GlobalSection(ProjectConfigurationPlatforms) = postSolution
		{239E9BC8-C18D-446F-8CE0-32348CB7AE45}.Debug|Any CPU.ActiveCfg = Debug|Any CPU
		{239E9BC8-C18D-446F-8CE0-32348CB7AE45}.Debug|Any CPU.Build.0 = Debug|Any CPU
		{239E9BC8-C18D-446F-8CE0-32348CB7AE45}.Release|Any CPU.ActiveCfg = Release|Any CPU
		{239E9BC8-C18D-446F-8CE0-32348CB7AE45}.Release|Any CPU.Build.0 = Release|Any CPU
		{5A00A6AD-8FE3-4D7D-8A1B-57E81E1D4D7A}.Debug|Any CPU.ActiveCfg = Debug|Any CPU
		{5A00A6AD-8FE3-4D7D-8A1B-57E81E1D4D7A}.Debug|Any CPU.Build.0 = Debug|Any CPU
		{5A00A6AD-8FE3-4D7D-8A1B-57E81E1D4D7A}.Release|Any CPU.ActiveCfg = Release|Any CPU
		{5A00A6AD-8FE3-4D7D-8A1B-57E81E1D4D7A}.Release|Any CPU.Build.0 = Release|Any CPU
		{6AD52E01-3956-4554-A079-8955BC7C6A5A}.Debug|Any CPU.ActiveCfg = Debug|Any CPU
		{6AD52E01-3956-4554-A079-8955BC7C6A5A}.Debug|Any CPU.Build.0 = Debug|Any CPU
		{6AD52E01-3956-4554-A079-8955BC7C6A5A}.Release|Any CPU.ActiveCfg = Release|Any CPU
		{6AD52E01-3956-4554-A079-8955BC7C6A5A}.Release|Any CPU.Build.0 = Release|Any CPU
		{E10D94D9-926F-4DA2-87D4-3C9EF16DFE2B}.Debug|Any CPU.ActiveCfg = Debug|Any CPU
		{E10D94D9-926F-4DA2-87D4-3C9EF16DFE2B}.Debug|Any CPU.Build.0 = Debug|Any CPU
		{E10D94D9-926F-4DA2-87D4-3C9EF16DFE2B}.Release|Any CPU.ActiveCfg = Release|Any CPU
		{E10D94D9-926F-4DA2-87D4-3C9EF16DFE2B}.Release|Any CPU.Build.0 = Release|Any CPU
		{598C4EC6-63B8-4168-819B-28169AFDF32B}.Debug|Any CPU.ActiveCfg = Debug|Any CPU
		{598C4EC6-63B8-4168-819B-28169AFDF32B}.Debug|Any CPU.Build.0 = Debug|Any CPU
		{598C4EC6-63B8-4168-819B-28169AFDF32B}.Release|Any CPU.ActiveCfg = Release|Any CPU
		{598C4EC6-63B8-4168-819B-28169AFDF32B}.Release|Any CPU.Build.0 = Release|Any CPU
		{D0D8AD26-B858-44E2-B8AA-CDC0C38AC89C}.Debug|Any CPU.ActiveCfg = Debug|Any CPU
		{D0D8AD26-B858-44E2-B8AA-CDC0C38AC89C}.Debug|Any CPU.Build.0 = Debug|Any CPU
		{D0D8AD26-B858-44E2-B8AA-CDC0C38AC89C}.Release|Any CPU.ActiveCfg = Release|Any CPU
		{D0D8AD26-B858-44E2-B8AA-CDC0C38AC89C}.Release|Any CPU.Build.0 = Release|Any CPU
		{9DA1E2E2-F99E-4F10-B4EF-2ED4FA64B40A}.Debug|Any CPU.ActiveCfg = Debug|Any CPU
		{9DA1E2E2-F99E-4F10-B4EF-2ED4FA64B40A}.Debug|Any CPU.Build.0 = Debug|Any CPU
		{9DA1E2E2-F99E-4F10-B4EF-2ED4FA64B40A}.Release|Any CPU.ActiveCfg = Release|Any CPU
		{9DA1E2E2-F99E-4F10-B4EF-2ED4FA64B40A}.Release|Any CPU.Build.0 = Release|Any CPU
		{829E4C93-BD6A-45E5-ACC6-4AF2F6AEE6EE}.Debug|Any CPU.ActiveCfg = Debug|Any CPU
		{829E4C93-BD6A-45E5-ACC6-4AF2F6AEE6EE}.Debug|Any CPU.Build.0 = Debug|Any CPU
		{829E4C93-BD6A-45E5-ACC6-4AF2F6AEE6EE}.Release|Any CPU.ActiveCfg = Release|Any CPU
		{829E4C93-BD6A-45E5-ACC6-4AF2F6AEE6EE}.Release|Any CPU.Build.0 = Release|Any CPU
	EndGlobalSection
	GlobalSection(SolutionProperties) = preSolution
		HideSolutionNode = FALSE
	EndGlobalSection
	GlobalSection(ExtensibilityGlobals) = postSolution
		SolutionGuid = {1999EB10-452F-4A74-8FDD-63AE25D49100}
	EndGlobalSection
EndGlobal
