
Microsoft Visual Studio Solution File, Format Version 12.00
# Visual Studio Version 17
VisualStudioVersion = 17.9.34622.214
MinimumVisualStudioVersion = 10.0.40219.1
Project("{FAE04EC0-301F-11D3-BF4B-00C04F79EFBC}") = "12.ArraysExercise", "12.ArraysExercise.csproj", "{23B55BAE-F5CC-4754-A21D-D025B8B00AB8}"
EndProject
Project("{FAE04EC0-301F-11D3-BF4B-00C04F79EFBC}") = "02.CommonElements", "..\02.CommonElements\02.CommonElements.csproj", "{A678E5F1-A052-49CF-B3A1-517213314C7C}"
EndProject
Project("{FAE04EC0-301F-11D3-BF4B-00C04F79EFBC}") = "05.TopIntegers", "..\05.TopIntegers\05.TopIntegers.csproj", "{AF3EF005-F7E3-41AE-BAEF-5D6278BC0376}"
EndProject
Global
	GlobalSection(SolutionConfigurationPlatforms) = preSolution
		Debug|Any CPU = Debug|Any CPU
		Release|Any CPU = Release|Any CPU
	EndGlobalSection
	GlobalSection(ProjectConfigurationPlatforms) = postSolution
		{23B55BAE-F5CC-4754-A21D-D025B8B00AB8}.Debug|Any CPU.ActiveCfg = Debug|Any CPU
		{23B55BAE-F5CC-4754-A21D-D025B8B00AB8}.Debug|Any CPU.Build.0 = Debug|Any CPU
		{23B55BAE-F5CC-4754-A21D-D025B8B00AB8}.Release|Any CPU.ActiveCfg = Release|Any CPU
		{23B55BAE-F5CC-4754-A21D-D025B8B00AB8}.Release|Any CPU.Build.0 = Release|Any CPU
		{A678E5F1-A052-49CF-B3A1-517213314C7C}.Debug|Any CPU.ActiveCfg = Debug|Any CPU
		{A678E5F1-A052-49CF-B3A1-517213314C7C}.Debug|Any CPU.Build.0 = Debug|Any CPU
		{A678E5F1-A052-49CF-B3A1-517213314C7C}.Release|Any CPU.ActiveCfg = Release|Any CPU
		{A678E5F1-A052-49CF-B3A1-517213314C7C}.Release|Any CPU.Build.0 = Release|Any CPU
		{AF3EF005-F7E3-41AE-BAEF-5D6278BC0376}.Debug|Any CPU.ActiveCfg = Debug|Any CPU
		{AF3EF005-F7E3-41AE-BAEF-5D6278BC0376}.Debug|Any CPU.Build.0 = Debug|Any CPU
		{AF3EF005-F7E3-41AE-BAEF-5D6278BC0376}.Release|Any CPU.ActiveCfg = Release|Any CPU
		{AF3EF005-F7E3-41AE-BAEF-5D6278BC0376}.Release|Any CPU.Build.0 = Release|Any CPU
	EndGlobalSection
	GlobalSection(SolutionProperties) = preSolution
		HideSolutionNode = FALSE
	EndGlobalSection
	GlobalSection(ExtensibilityGlobals) = postSolution
		SolutionGuid = {5FB4C190-4408-4F6B-83B6-8C88D4457E04}
	EndGlobalSection
EndGlobal
