
Microsoft Visual Studio Solution File, Format Version 12.00
# Visual Studio Version 17
VisualStudioVersion = 17.14.36221.1 d17.14
MinimumVisualStudioVersion = 10.0.40219.1
Project("{FAE04EC0-301F-11D3-BF4B-00C04F79EFBC}") = "01.ReverseStrings", "01.ReverseStrings\01.ReverseStrings.csproj", "{30D255F3-03C2-4E96-958F-715C89255B2F}"
EndProject
Project("{FAE04EC0-301F-11D3-BF4B-00C04F79EFBC}") = "02.RepeatStrings", "02.RepeatStrings\02.RepeatStrings.csproj", "{A54233A8-7EF9-4BA9-943C-551C0A6240FE}"
EndProject
Project("{FAE04EC0-301F-11D3-BF4B-00C04F79EFBC}") = "03.Substring", "03.Substring\03.Substring.csproj", "{1D39066B-3E52-4014-B421-E2607C7FE6F3}"
EndProject
Project("{FAE04EC0-301F-11D3-BF4B-00C04F79EFBC}") = "04.TextFilter", "04.TextFilter\04.TextFilter.csproj", "{56A69674-AF4A-48D5-8025-6CF446F675C4}"
EndProject
Project("{FAE04EC0-301F-11D3-BF4B-00C04F79EFBC}") = "05.Digits,lettersAndOthers", "05.Digits,lettersAndOthers\05.Digits,lettersAndOthers.csproj", "{52B3C15C-4812-4E24-B8BB-83551A39D75F}"
EndProject
Global
	GlobalSection(SolutionConfigurationPlatforms) = preSolution
		Debug|Any CPU = Debug|Any CPU
		Release|Any CPU = Release|Any CPU
	EndGlobalSection
	GlobalSection(ProjectConfigurationPlatforms) = postSolution
		{30D255F3-03C2-4E96-958F-715C89255B2F}.Debug|Any CPU.ActiveCfg = Debug|Any CPU
		{30D255F3-03C2-4E96-958F-715C89255B2F}.Debug|Any CPU.Build.0 = Debug|Any CPU
		{30D255F3-03C2-4E96-958F-715C89255B2F}.Release|Any CPU.ActiveCfg = Release|Any CPU
		{30D255F3-03C2-4E96-958F-715C89255B2F}.Release|Any CPU.Build.0 = Release|Any CPU
		{A54233A8-7EF9-4BA9-943C-551C0A6240FE}.Debug|Any CPU.ActiveCfg = Debug|Any CPU
		{A54233A8-7EF9-4BA9-943C-551C0A6240FE}.Debug|Any CPU.Build.0 = Debug|Any CPU
		{A54233A8-7EF9-4BA9-943C-551C0A6240FE}.Release|Any CPU.ActiveCfg = Release|Any CPU
		{A54233A8-7EF9-4BA9-943C-551C0A6240FE}.Release|Any CPU.Build.0 = Release|Any CPU
		{1D39066B-3E52-4014-B421-E2607C7FE6F3}.Debug|Any CPU.ActiveCfg = Debug|Any CPU
		{1D39066B-3E52-4014-B421-E2607C7FE6F3}.Debug|Any CPU.Build.0 = Debug|Any CPU
		{1D39066B-3E52-4014-B421-E2607C7FE6F3}.Release|Any CPU.ActiveCfg = Release|Any CPU
		{1D39066B-3E52-4014-B421-E2607C7FE6F3}.Release|Any CPU.Build.0 = Release|Any CPU
		{56A69674-AF4A-48D5-8025-6CF446F675C4}.Debug|Any CPU.ActiveCfg = Debug|Any CPU
		{56A69674-AF4A-48D5-8025-6CF446F675C4}.Debug|Any CPU.Build.0 = Debug|Any CPU
		{56A69674-AF4A-48D5-8025-6CF446F675C4}.Release|Any CPU.ActiveCfg = Release|Any CPU
		{56A69674-AF4A-48D5-8025-6CF446F675C4}.Release|Any CPU.Build.0 = Release|Any CPU
		{52B3C15C-4812-4E24-B8BB-83551A39D75F}.Debug|Any CPU.ActiveCfg = Debug|Any CPU
		{52B3C15C-4812-4E24-B8BB-83551A39D75F}.Debug|Any CPU.Build.0 = Debug|Any CPU
		{52B3C15C-4812-4E24-B8BB-83551A39D75F}.Release|Any CPU.ActiveCfg = Release|Any CPU
		{52B3C15C-4812-4E24-B8BB-83551A39D75F}.Release|Any CPU.Build.0 = Release|Any CPU
	EndGlobalSection
	GlobalSection(SolutionProperties) = preSolution
		HideSolutionNode = FALSE
	EndGlobalSection
	GlobalSection(ExtensibilityGlobals) = postSolution
		SolutionGuid = {9A6CAB97-BDCF-482E-8388-4B09D8D93052}
	EndGlobalSection
EndGlobal
