
Microsoft Visual Studio Solution File, Format Version 12.00
# Visual Studio Version 17
VisualStudioVersion = 17.9.34622.214
MinimumVisualStudioVersion = 10.0.40219.1
Project("{9A19103F-16F7-4668-BE54-9A1E7A4F7556}") = "SoftUniFundamentals(DataTypesAndVariables)", "SoftUniFundamentals(DataTypesAndVariables).csproj", "{83E86E95-722E-44B0-8D6C-6CC3A406A1A4}"
EndProject
Project("{9A19103F-16F7-4668-BE54-9A1E7A4F7556}") = "01.MetersToKm", "..\01.MetersToKm\01.MetersToKm.csproj", "{D1D686CF-E2C7-43A5-B0D1-2546149F4BEF}"
EndProject
Project("{9A19103F-16F7-4668-BE54-9A1E7A4F7556}") = "02.PoundsToDollars", "..\02.PoundsToDollars\02.PoundsToDollars.csproj", "{BAEB038B-25A7-4697-9BDD-6247AE096AA7}"
EndProject
Project("{9A19103F-16F7-4668-BE54-9A1E7A4F7556}") = "03.ExactSumOfRNumbers", "..\03.ExactSumOfRNumbers\03.ExactSumOfRNumbers.csproj", "{2ADF3B34-7F52-4EA3-A5DB-8B8FE24746A9}"
EndProject
Project("{9A19103F-16F7-4668-BE54-9A1E7A4F7556}") = "04.CenturiesToMinutes", "..\04.CenturiesToMinutes\04.CenturiesToMinutes.csproj", "{0CE2EC88-A01D-4784-BB95-985C5D086D77}"
EndProject
Project("{9A19103F-16F7-4668-BE54-9A1E7A4F7556}") = "05.SpecialNumbers", "..\05.SpecialNumbers\05.SpecialNumbers.csproj", "{079F8856-AD61-4E23-A1CE-36A925F52F77}"
EndProject
Project("{FAE04EC0-301F-11D3-BF4B-00C04F79EFBC}") = "06.ReversedChars", "..\06.ReversedChars\06.ReversedChars.csproj", "{520D5696-A663-48C4-B31C-1327A78F0C89}"
EndProject
Project("{FAE04EC0-301F-11D3-BF4B-00C04F79EFBC}") = "07.ContactNames1", "..\07.ContactNames1\07.ContactNames1.csproj", "{E41FC458-5771-4A11-9836-E7568C166E82}"
EndProject
Project("{FAE04EC0-301F-11D3-BF4B-00C04F79EFBC}") = "08.TownInfo", "..\08.TownInfo\08.TownInfo.csproj", "{79785EFB-710F-4301-B483-712B59CB3A38}"
EndProject
Project("{FAE04EC0-301F-11D3-BF4B-00C04F79EFBC}") = "09.CharToString", "..\09.CharToString\09.CharToString.csproj", "{CA84744E-82ED-435C-9F94-F5CB5006E609}"
EndProject
Global
	GlobalSection(SolutionConfigurationPlatforms) = preSolution
		Debug|Any CPU = Debug|Any CPU
		Release|Any CPU = Release|Any CPU
	EndGlobalSection
	GlobalSection(ProjectConfigurationPlatforms) = postSolution
		{83E86E95-722E-44B0-8D6C-6CC3A406A1A4}.Debug|Any CPU.ActiveCfg = Debug|Any CPU
		{83E86E95-722E-44B0-8D6C-6CC3A406A1A4}.Debug|Any CPU.Build.0 = Debug|Any CPU
		{83E86E95-722E-44B0-8D6C-6CC3A406A1A4}.Release|Any CPU.ActiveCfg = Release|Any CPU
		{83E86E95-722E-44B0-8D6C-6CC3A406A1A4}.Release|Any CPU.Build.0 = Release|Any CPU
		{D1D686CF-E2C7-43A5-B0D1-2546149F4BEF}.Debug|Any CPU.ActiveCfg = Debug|Any CPU
		{D1D686CF-E2C7-43A5-B0D1-2546149F4BEF}.Debug|Any CPU.Build.0 = Debug|Any CPU
		{D1D686CF-E2C7-43A5-B0D1-2546149F4BEF}.Release|Any CPU.ActiveCfg = Release|Any CPU
		{D1D686CF-E2C7-43A5-B0D1-2546149F4BEF}.Release|Any CPU.Build.0 = Release|Any CPU
		{BAEB038B-25A7-4697-9BDD-6247AE096AA7}.Debug|Any CPU.ActiveCfg = Debug|Any CPU
		{BAEB038B-25A7-4697-9BDD-6247AE096AA7}.Debug|Any CPU.Build.0 = Debug|Any CPU
		{BAEB038B-25A7-4697-9BDD-6247AE096AA7}.Release|Any CPU.ActiveCfg = Release|Any CPU
		{BAEB038B-25A7-4697-9BDD-6247AE096AA7}.Release|Any CPU.Build.0 = Release|Any CPU
		{2ADF3B34-7F52-4EA3-A5DB-8B8FE24746A9}.Debug|Any CPU.ActiveCfg = Debug|Any CPU
		{2ADF3B34-7F52-4EA3-A5DB-8B8FE24746A9}.Debug|Any CPU.Build.0 = Debug|Any CPU
		{2ADF3B34-7F52-4EA3-A5DB-8B8FE24746A9}.Release|Any CPU.ActiveCfg = Release|Any CPU
		{2ADF3B34-7F52-4EA3-A5DB-8B8FE24746A9}.Release|Any CPU.Build.0 = Release|Any CPU
		{0CE2EC88-A01D-4784-BB95-985C5D086D77}.Debug|Any CPU.ActiveCfg = Debug|Any CPU
		{0CE2EC88-A01D-4784-BB95-985C5D086D77}.Debug|Any CPU.Build.0 = Debug|Any CPU
		{0CE2EC88-A01D-4784-BB95-985C5D086D77}.Release|Any CPU.ActiveCfg = Release|Any CPU
		{0CE2EC88-A01D-4784-BB95-985C5D086D77}.Release|Any CPU.Build.0 = Release|Any CPU
		{079F8856-AD61-4E23-A1CE-36A925F52F77}.Debug|Any CPU.ActiveCfg = Debug|Any CPU
		{079F8856-AD61-4E23-A1CE-36A925F52F77}.Debug|Any CPU.Build.0 = Debug|Any CPU
		{079F8856-AD61-4E23-A1CE-36A925F52F77}.Release|Any CPU.ActiveCfg = Release|Any CPU
		{079F8856-AD61-4E23-A1CE-36A925F52F77}.Release|Any CPU.Build.0 = Release|Any CPU
		{520D5696-A663-48C4-B31C-1327A78F0C89}.Debug|Any CPU.ActiveCfg = Debug|Any CPU
		{520D5696-A663-48C4-B31C-1327A78F0C89}.Debug|Any CPU.Build.0 = Debug|Any CPU
		{520D5696-A663-48C4-B31C-1327A78F0C89}.Release|Any CPU.ActiveCfg = Release|Any CPU
		{520D5696-A663-48C4-B31C-1327A78F0C89}.Release|Any CPU.Build.0 = Release|Any CPU
		{E41FC458-5771-4A11-9836-E7568C166E82}.Debug|Any CPU.ActiveCfg = Debug|Any CPU
		{E41FC458-5771-4A11-9836-E7568C166E82}.Debug|Any CPU.Build.0 = Debug|Any CPU
		{E41FC458-5771-4A11-9836-E7568C166E82}.Release|Any CPU.ActiveCfg = Release|Any CPU
		{E41FC458-5771-4A11-9836-E7568C166E82}.Release|Any CPU.Build.0 = Release|Any CPU
		{79785EFB-710F-4301-B483-712B59CB3A38}.Debug|Any CPU.ActiveCfg = Debug|Any CPU
		{79785EFB-710F-4301-B483-712B59CB3A38}.Debug|Any CPU.Build.0 = Debug|Any CPU
		{79785EFB-710F-4301-B483-712B59CB3A38}.Release|Any CPU.ActiveCfg = Release|Any CPU
		{79785EFB-710F-4301-B483-712B59CB3A38}.Release|Any CPU.Build.0 = Release|Any CPU
		{CA84744E-82ED-435C-9F94-F5CB5006E609}.Debug|Any CPU.ActiveCfg = Debug|Any CPU
		{CA84744E-82ED-435C-9F94-F5CB5006E609}.Debug|Any CPU.Build.0 = Debug|Any CPU
		{CA84744E-82ED-435C-9F94-F5CB5006E609}.Release|Any CPU.ActiveCfg = Release|Any CPU
		{CA84744E-82ED-435C-9F94-F5CB5006E609}.Release|Any CPU.Build.0 = Release|Any CPU
	EndGlobalSection
	GlobalSection(SolutionProperties) = preSolution
		HideSolutionNode = FALSE
	EndGlobalSection
	GlobalSection(ExtensibilityGlobals) = postSolution
		SolutionGuid = {6063609B-5862-4640-8578-937BF6A0C22A}
	EndGlobalSection
EndGlobal
