
Microsoft Visual Studio Solution File, Format Version 12.00
# Visual Studio Version 17
VisualStudioVersion = 17.14.36221.1 d17.14
MinimumVisualStudioVersion = 10.0.40219.1
Project("{FAE04EC0-301F-11D3-BF4B-00C04F79EFBC}") = "01.CountRealNumbers", "01.CountRealNumbers\01.CountRealNumbers.csproj", "{D45E92A4-8BAA-4C65-A5CF-42C555C957B3}"
EndProject
Project("{FAE04EC0-301F-11D3-BF4B-00C04F79EFBC}") = "02.OddOccurences", "02.OddOccurences\02.OddOccurences.csproj", "{ACF6ED00-0460-45B9-BE2D-00C9A051D232}"
EndProject
Project("{FAE04EC0-301F-11D3-BF4B-00C04F79EFBC}") = "03.WordSynonyms", "03.WordSynonyms\03.WordSynonyms.csproj", "{7CF6366A-715D-48D0-8FC6-DCF5116DA6CB}"
EndProject
Global
	GlobalSection(SolutionConfigurationPlatforms) = preSolution
		Debug|Any CPU = Debug|Any CPU
		Release|Any CPU = Release|Any CPU
	EndGlobalSection
	GlobalSection(ProjectConfigurationPlatforms) = postSolution
		{D45E92A4-8BAA-4C65-A5CF-42C555C957B3}.Debug|Any CPU.ActiveCfg = Debug|Any CPU
		{D45E92A4-8BAA-4C65-A5CF-42C555C957B3}.Debug|Any CPU.Build.0 = Debug|Any CPU
		{D45E92A4-8BAA-4C65-A5CF-42C555C957B3}.Release|Any CPU.ActiveCfg = Release|Any CPU
		{D45E92A4-8BAA-4C65-A5CF-42C555C957B3}.Release|Any CPU.Build.0 = Release|Any CPU
		{ACF6ED00-0460-45B9-BE2D-00C9A051D232}.Debug|Any CPU.ActiveCfg = Debug|Any CPU
		{ACF6ED00-0460-45B9-BE2D-00C9A051D232}.Debug|Any CPU.Build.0 = Debug|Any CPU
		{ACF6ED00-0460-45B9-BE2D-00C9A051D232}.Release|Any CPU.ActiveCfg = Release|Any CPU
		{ACF6ED00-0460-45B9-BE2D-00C9A051D232}.Release|Any CPU.Build.0 = Release|Any CPU
		{7CF6366A-715D-48D0-8FC6-DCF5116DA6CB}.Debug|Any CPU.ActiveCfg = Debug|Any CPU
		{7CF6366A-715D-48D0-8FC6-DCF5116DA6CB}.Debug|Any CPU.Build.0 = Debug|Any CPU
		{7CF6366A-715D-48D0-8FC6-DCF5116DA6CB}.Release|Any CPU.ActiveCfg = Release|Any CPU
		{7CF6366A-715D-48D0-8FC6-DCF5116DA6CB}.Release|Any CPU.Build.0 = Release|Any CPU
	EndGlobalSection
	GlobalSection(SolutionProperties) = preSolution
		HideSolutionNode = FALSE
	EndGlobalSection
	GlobalSection(ExtensibilityGlobals) = postSolution
		SolutionGuid = {390EEFF1-3E1D-4418-B379-19A4CFD68808}
	EndGlobalSection
EndGlobal
