
Microsoft Visual Studio Solution File, Format Version 12.00
# Visual Studio Version 17
VisualStudioVersion = 17.14.36221.1 d17.14
MinimumVisualStudioVersion = 10.0.40219.1
Project("{FAE04EC0-301F-11D3-BF4B-00C04F79EFBC}") = "01.SecretChat", "01.SecretChat\01.SecretChat.csproj", "{D41DA2EC-FBBF-4DD1-9BF3-FAB740960303}"
EndProject
Project("{FAE04EC0-301F-11D3-BF4B-00C04F79EFBC}") = "02.FancyBarcodes", "02.FancyBarcodes\02.FancyBarcodes.csproj", "{FC22CDEC-B98A-4640-A732-E2BB6239FCF8}"
EndProject
Global
	GlobalSection(SolutionConfigurationPlatforms) = preSolution
		Debug|Any CPU = Debug|Any CPU
		Release|Any CPU = Release|Any CPU
	EndGlobalSection
	GlobalSection(ProjectConfigurationPlatforms) = postSolution
		{D41DA2EC-FBBF-4DD1-9BF3-FAB740960303}.Debug|Any CPU.ActiveCfg = Debug|Any CPU
		{D41DA2EC-FBBF-4DD1-9BF3-FAB740960303}.Debug|Any CPU.Build.0 = Debug|Any CPU
		{D41DA2EC-FBBF-4DD1-9BF3-FAB740960303}.Release|Any CPU.ActiveCfg = Release|Any CPU
		{D41DA2EC-FBBF-4DD1-9BF3-FAB740960303}.Release|Any CPU.Build.0 = Release|Any CPU
		{FC22CDEC-B98A-4640-A732-E2BB6239FCF8}.Debug|Any CPU.ActiveCfg = Debug|Any CPU
		{FC22CDEC-B98A-4640-A732-E2BB6239FCF8}.Debug|Any CPU.Build.0 = Debug|Any CPU
		{FC22CDEC-B98A-4640-A732-E2BB6239FCF8}.Release|Any CPU.ActiveCfg = Release|Any CPU
		{FC22CDEC-B98A-4640-A732-E2BB6239FCF8}.Release|Any CPU.Build.0 = Release|Any CPU
	EndGlobalSection
	GlobalSection(SolutionProperties) = preSolution
		HideSolutionNode = FALSE
	EndGlobalSection
	GlobalSection(ExtensibilityGlobals) = postSolution
		SolutionGuid = {FEBA9428-F70B-437A-AD5F-A78E5988053D}
	EndGlobalSection
EndGlobal
