
Microsoft Visual Studio Solution File, Format Version 12.00
# Visual Studio Version 17
VisualStudioVersion = 17.9.34622.214
MinimumVisualStudioVersion = 10.0.40219.1
Project("{9A19103F-16F7-4668-BE54-9A1E7A4F7556}") = "ExerciseDataTypesVariables", "ExerciseDataTypesVariables.csproj", "{6B50C2F7-2EEF-47D9-BBE4-91BE6530F8A1}"
EndProject
Project("{9A19103F-16F7-4668-BE54-9A1E7A4F7556}") = "01.IntegerOperations", "..\01.IntegerOperations\01.IntegerOperations.csproj", "{DCF4F507-A5BB-4298-A853-8327BFAC0F34}"
EndProject
Project("{9A19103F-16F7-4668-BE54-9A1E7A4F7556}") = "02.SumOfDigits", "..\02.SumOfDigits\02.SumOfDigits.csproj", "{60BB9BE5-2D4F-492C-A5C7-74111F387B8A}"
EndProject
Project("{9A19103F-16F7-4668-BE54-9A1E7A4F7556}") = "03.Elevator", "..\03.Elevator\03.Elevator.csproj", "{1AB0888B-B686-461C-9297-D3A3F7A9CD34}"
EndProject
Project("{9A19103F-16F7-4668-BE54-9A1E7A4F7556}") = "04.SumOfChars", "..\04.SumOfChars\04.SumOfChars.csproj", "{D26558F2-4927-4EF2-8263-97C6AB13ED17}"
EndProject
Project("{9A19103F-16F7-4668-BE54-9A1E7A4F7556}") = "05.PrintPartOfASCII", "..\05.PrintPartOfASCII\05.PrintPartOfASCII.csproj", "{10ECCAE1-0A67-4A4E-994A-177EC607E025}"
EndProject
Project("{9A19103F-16F7-4668-BE54-9A1E7A4F7556}") = "06.TriplesOfLatinLetters", "..\06.TriplesOfLatinLetters\06.TriplesOfLatinLetters.csproj", "{A1FAE4AF-5BEB-41F8-8721-097CA42BF8E9}"
EndProject
Project("{9A19103F-16F7-4668-BE54-9A1E7A4F7556}") = "07.WaterFlow", "..\07.WaterFlow\07.WaterFlow.csproj", "{A8DA3975-1911-4A70-81E0-7958BC7F80AE}"
EndProject
Project("{9A19103F-16F7-4668-BE54-9A1E7A4F7556}") = "08.BeerKegs", "..\08.BeerKegs\08.BeerKegs.csproj", "{71080C90-B869-4955-BE43-FEC516AA8E2A}"
EndProject
Project("{9A19103F-16F7-4668-BE54-9A1E7A4F7556}") = "09.SpiceMustFlow", "..\09.SpiceMustFlow\09.SpiceMustFlow.csproj", "{54F81DAF-9F58-4F0E-A4F2-94C26E33995E}"
EndProject
Project("{FAE04EC0-301F-11D3-BF4B-00C04F79EFBC}") = "M01.DataTypeFinder", "..\M01.DataTypeFinder\M01.DataTypeFinder.csproj", "{E31AE101-6294-4304-8B24-D71B8930F8B2}"
EndProject
Project("{FAE04EC0-301F-11D3-BF4B-00C04F79EFBC}") = "M02.FromLeftToRight", "..\M02.FromLeftToRight\M02.FromLeftToRight.csproj", "{51EA38D7-AD43-4EB4-A10D-BE3D98E0E985}"
EndProject
Project("{FAE04EC0-301F-11D3-BF4B-00C04F79EFBC}") = "M03.FloatingArythmethics", "..\M03.FloatingArythmethics\M03.FloatingArythmethics.csproj", "{B71CA942-AFD9-482A-820B-6DF9E34BF8D2}"
EndProject
Project("{FAE04EC0-301F-11D3-BF4B-00C04F79EFBC}") = "M04.RefactoringPrimeChecker", "..\M04.RefactoringPrimeChecker\M04.RefactoringPrimeChecker.csproj", "{8B8F8032-213E-4D09-A227-BFDD7026F1E5}"
EndProject
Project("{FAE04EC0-301F-11D3-BF4B-00C04F79EFBC}") = "M05.DecryptingMessages", "..\M05.DecryptingMessages\M05.DecryptingMessages.csproj", "{88481B7B-F69B-42E3-84E8-50C07C1987FC}"
EndProject
Global
	GlobalSection(SolutionConfigurationPlatforms) = preSolution
		Debug|Any CPU = Debug|Any CPU
		Release|Any CPU = Release|Any CPU
	EndGlobalSection
	GlobalSection(ProjectConfigurationPlatforms) = postSolution
		{6B50C2F7-2EEF-47D9-BBE4-91BE6530F8A1}.Debug|Any CPU.ActiveCfg = Debug|Any CPU
		{6B50C2F7-2EEF-47D9-BBE4-91BE6530F8A1}.Debug|Any CPU.Build.0 = Debug|Any CPU
		{6B50C2F7-2EEF-47D9-BBE4-91BE6530F8A1}.Release|Any CPU.ActiveCfg = Release|Any CPU
		{6B50C2F7-2EEF-47D9-BBE4-91BE6530F8A1}.Release|Any CPU.Build.0 = Release|Any CPU
		{DCF4F507-A5BB-4298-A853-8327BFAC0F34}.Debug|Any CPU.ActiveCfg = Debug|Any CPU
		{DCF4F507-A5BB-4298-A853-8327BFAC0F34}.Debug|Any CPU.Build.0 = Debug|Any CPU
		{DCF4F507-A5BB-4298-A853-8327BFAC0F34}.Release|Any CPU.ActiveCfg = Release|Any CPU
		{DCF4F507-A5BB-4298-A853-8327BFAC0F34}.Release|Any CPU.Build.0 = Release|Any CPU
		{60BB9BE5-2D4F-492C-A5C7-74111F387B8A}.Debug|Any CPU.ActiveCfg = Debug|Any CPU
		{60BB9BE5-2D4F-492C-A5C7-74111F387B8A}.Debug|Any CPU.Build.0 = Debug|Any CPU
		{60BB9BE5-2D4F-492C-A5C7-74111F387B8A}.Release|Any CPU.ActiveCfg = Release|Any CPU
		{60BB9BE5-2D4F-492C-A5C7-74111F387B8A}.Release|Any CPU.Build.0 = Release|Any CPU
		{1AB0888B-B686-461C-9297-D3A3F7A9CD34}.Debug|Any CPU.ActiveCfg = Debug|Any CPU
		{1AB0888B-B686-461C-9297-D3A3F7A9CD34}.Debug|Any CPU.Build.0 = Debug|Any CPU
		{1AB0888B-B686-461C-9297-D3A3F7A9CD34}.Release|Any CPU.ActiveCfg = Release|Any CPU
		{1AB0888B-B686-461C-9297-D3A3F7A9CD34}.Release|Any CPU.Build.0 = Release|Any CPU
		{D26558F2-4927-4EF2-8263-97C6AB13ED17}.Debug|Any CPU.ActiveCfg = Debug|Any CPU
		{D26558F2-4927-4EF2-8263-97C6AB13ED17}.Debug|Any CPU.Build.0 = Debug|Any CPU
		{D26558F2-4927-4EF2-8263-97C6AB13ED17}.Release|Any CPU.ActiveCfg = Release|Any CPU
		{D26558F2-4927-4EF2-8263-97C6AB13ED17}.Release|Any CPU.Build.0 = Release|Any CPU
		{10ECCAE1-0A67-4A4E-994A-177EC607E025}.Debug|Any CPU.ActiveCfg = Debug|Any CPU
		{10ECCAE1-0A67-4A4E-994A-177EC607E025}.Debug|Any CPU.Build.0 = Debug|Any CPU
		{10ECCAE1-0A67-4A4E-994A-177EC607E025}.Release|Any CPU.ActiveCfg = Release|Any CPU
		{10ECCAE1-0A67-4A4E-994A-177EC607E025}.Release|Any CPU.Build.0 = Release|Any CPU
		{A1FAE4AF-5BEB-41F8-8721-097CA42BF8E9}.Debug|Any CPU.ActiveCfg = Debug|Any CPU
		{A1FAE4AF-5BEB-41F8-8721-097CA42BF8E9}.Debug|Any CPU.Build.0 = Debug|Any CPU
		{A1FAE4AF-5BEB-41F8-8721-097CA42BF8E9}.Release|Any CPU.ActiveCfg = Release|Any CPU
		{A1FAE4AF-5BEB-41F8-8721-097CA42BF8E9}.Release|Any CPU.Build.0 = Release|Any CPU
		{A8DA3975-1911-4A70-81E0-7958BC7F80AE}.Debug|Any CPU.ActiveCfg = Debug|Any CPU
		{A8DA3975-1911-4A70-81E0-7958BC7F80AE}.Debug|Any CPU.Build.0 = Debug|Any CPU
		{A8DA3975-1911-4A70-81E0-7958BC7F80AE}.Release|Any CPU.ActiveCfg = Release|Any CPU
		{A8DA3975-1911-4A70-81E0-7958BC7F80AE}.Release|Any CPU.Build.0 = Release|Any CPU
		{71080C90-B869-4955-BE43-FEC516AA8E2A}.Debug|Any CPU.ActiveCfg = Debug|Any CPU
		{71080C90-B869-4955-BE43-FEC516AA8E2A}.Debug|Any CPU.Build.0 = Debug|Any CPU
		{71080C90-B869-4955-BE43-FEC516AA8E2A}.Release|Any CPU.ActiveCfg = Release|Any CPU
		{71080C90-B869-4955-BE43-FEC516AA8E2A}.Release|Any CPU.Build.0 = Release|Any CPU
		{54F81DAF-9F58-4F0E-A4F2-94C26E33995E}.Debug|Any CPU.ActiveCfg = Debug|Any CPU
		{54F81DAF-9F58-4F0E-A4F2-94C26E33995E}.Debug|Any CPU.Build.0 = Debug|Any CPU
		{54F81DAF-9F58-4F0E-A4F2-94C26E33995E}.Release|Any CPU.ActiveCfg = Release|Any CPU
		{54F81DAF-9F58-4F0E-A4F2-94C26E33995E}.Release|Any CPU.Build.0 = Release|Any CPU
		{E31AE101-6294-4304-8B24-D71B8930F8B2}.Debug|Any CPU.ActiveCfg = Debug|Any CPU
		{E31AE101-6294-4304-8B24-D71B8930F8B2}.Debug|Any CPU.Build.0 = Debug|Any CPU
		{E31AE101-6294-4304-8B24-D71B8930F8B2}.Release|Any CPU.ActiveCfg = Release|Any CPU
		{E31AE101-6294-4304-8B24-D71B8930F8B2}.Release|Any CPU.Build.0 = Release|Any CPU
		{51EA38D7-AD43-4EB4-A10D-BE3D98E0E985}.Debug|Any CPU.ActiveCfg = Debug|Any CPU
		{51EA38D7-AD43-4EB4-A10D-BE3D98E0E985}.Debug|Any CPU.Build.0 = Debug|Any CPU
		{51EA38D7-AD43-4EB4-A10D-BE3D98E0E985}.Release|Any CPU.ActiveCfg = Release|Any CPU
		{51EA38D7-AD43-4EB4-A10D-BE3D98E0E985}.Release|Any CPU.Build.0 = Release|Any CPU
		{B71CA942-AFD9-482A-820B-6DF9E34BF8D2}.Debug|Any CPU.ActiveCfg = Debug|Any CPU
		{B71CA942-AFD9-482A-820B-6DF9E34BF8D2}.Debug|Any CPU.Build.0 = Debug|Any CPU
		{B71CA942-AFD9-482A-820B-6DF9E34BF8D2}.Release|Any CPU.ActiveCfg = Release|Any CPU
		{B71CA942-AFD9-482A-820B-6DF9E34BF8D2}.Release|Any CPU.Build.0 = Release|Any CPU
		{8B8F8032-213E-4D09-A227-BFDD7026F1E5}.Debug|Any CPU.ActiveCfg = Debug|Any CPU
		{8B8F8032-213E-4D09-A227-BFDD7026F1E5}.Debug|Any CPU.Build.0 = Debug|Any CPU
		{8B8F8032-213E-4D09-A227-BFDD7026F1E5}.Release|Any CPU.ActiveCfg = Release|Any CPU
		{8B8F8032-213E-4D09-A227-BFDD7026F1E5}.Release|Any CPU.Build.0 = Release|Any CPU
		{88481B7B-F69B-42E3-84E8-50C07C1987FC}.Debug|Any CPU.ActiveCfg = Debug|Any CPU
		{88481B7B-F69B-42E3-84E8-50C07C1987FC}.Debug|Any CPU.Build.0 = Debug|Any CPU
		{88481B7B-F69B-42E3-84E8-50C07C1987FC}.Release|Any CPU.ActiveCfg = Release|Any CPU
		{88481B7B-F69B-42E3-84E8-50C07C1987FC}.Release|Any CPU.Build.0 = Release|Any CPU
	EndGlobalSection
	GlobalSection(SolutionProperties) = preSolution
		HideSolutionNode = FALSE
	EndGlobalSection
	GlobalSection(ExtensibilityGlobals) = postSolution
		SolutionGuid = {44D9F6F3-AB9B-4822-8CC6-ACB8448AC52B}
	EndGlobalSection
EndGlobal
