
Microsoft Visual Studio Solution File, Format Version 12.00
# Visual Studio Version 17
VisualStudioVersion = 17.9.34622.214
MinimumVisualStudioVersion = 10.0.40219.1
Project("{FAE04EC0-301F-11D3-BF4B-00C04F79EFBC}") = "Lab_Lists", "Lab_Lists\Lab_Lists.csproj", "{7823BF14-378E-453C-ACA3-18C658858C20}"
EndProject
Project("{FAE04EC0-301F-11D3-BF4B-00C04F79EFBC}") = "02.GaussTrick", "02.GaussTrick\02.GaussTrick.csproj", "{88EB5E3E-DD74-4847-9843-14E613E1E733}"
EndProject
Global
	GlobalSection(SolutionConfigurationPlatforms) = preSolution
		Debug|Any CPU = Debug|Any CPU
		Release|Any CPU = Release|Any CPU
	EndGlobalSection
	GlobalSection(ProjectConfigurationPlatforms) = postSolution
		{7823BF14-378E-453C-ACA3-18C658858C20}.Debug|Any CPU.ActiveCfg = Debug|Any CPU
		{7823BF14-378E-453C-ACA3-18C658858C20}.Debug|Any CPU.Build.0 = Debug|Any CPU
		{7823BF14-378E-453C-ACA3-18C658858C20}.Release|Any CPU.ActiveCfg = Release|Any CPU
		{7823BF14-378E-453C-ACA3-18C658858C20}.Release|Any CPU.Build.0 = Release|Any CPU
		{88EB5E3E-DD74-4847-9843-14E613E1E733}.Debug|Any CPU.ActiveCfg = Debug|Any CPU
		{88EB5E3E-DD74-4847-9843-14E613E1E733}.Debug|Any CPU.Build.0 = Debug|Any CPU
		{88EB5E3E-DD74-4847-9843-14E613E1E733}.Release|Any CPU.ActiveCfg = Release|Any CPU
		{88EB5E3E-DD74-4847-9843-14E613E1E733}.Release|Any CPU.Build.0 = Release|Any CPU
	EndGlobalSection
	GlobalSection(SolutionProperties) = preSolution
		HideSolutionNode = FALSE
	EndGlobalSection
	GlobalSection(ExtensibilityGlobals) = postSolution
		SolutionGuid = {6B916605-C3D8-4354-843B-093EB4C388A7}
	EndGlobalSection
EndGlobal
