
Microsoft Visual Studio Solution File, Format Version 12.00
# Visual Studio Version 17
VisualStudioVersion = 17.9.34622.214
MinimumVisualStudioVersion = 10.0.40219.1
Project("{FAE04EC0-301F-11D3-BF4B-00C04F79EFBC}") = "01.Train", "01.Train\01.Train.csproj", "{EBCCAA5D-1A26-4023-8E50-6659E1CACBC1}"
EndProject
Project("{FAE04EC0-301F-11D3-BF4B-00C04F79EFBC}") = "02.ChangeList", "02.ChangeList\02.ChangeList.csproj", "{C0115DAD-91AB-4DF5-8DBE-F02B98151F92}"
EndProject
Project("{FAE04EC0-301F-11D3-BF4B-00C04F79EFBC}") = "03.HouseParty", "03.HouseParty\03.HouseParty.csproj", "{B9E82DA8-FD17-4CF8-97B7-C69DDD9863BD}"
EndProject
Project("{FAE04EC0-301F-11D3-BF4B-00C04F79EFBC}") = "04.ListOperations", "04.ListOperations\04.ListOperations.csproj", "{E1B830A2-B0CD-427A-A73E-490D4AB7E90A}"
EndProject
Project("{FAE04EC0-301F-11D3-BF4B-00C04F79EFBC}") = "05.BombNumbers", "05.BombNumbers\05.BombNumbers.csproj", "{8A676D34-20E4-44E8-AA85-477C1B4666E4}"
EndProject
Project("{FAE04EC0-301F-11D3-BF4B-00C04F79EFBC}") = "06.CardsGame", "06.CardsGame\06.CardsGame.csproj", "{E2EB3F5A-A243-4713-A642-8A0081D5869F}"
EndProject
Project("{FAE04EC0-301F-11D3-BF4B-00C04F79EFBC}") = "07.AppendArrays", "07.AppendArrays\07.AppendArrays.csproj", "{9FD54C88-FBBA-40DE-984F-AE5C6A644DC9}"
EndProject
Global
	GlobalSection(SolutionConfigurationPlatforms) = preSolution
		Debug|Any CPU = Debug|Any CPU
		Release|Any CPU = Release|Any CPU
	EndGlobalSection
	GlobalSection(ProjectConfigurationPlatforms) = postSolution
		{EBCCAA5D-1A26-4023-8E50-6659E1CACBC1}.Debug|Any CPU.ActiveCfg = Debug|Any CPU
		{EBCCAA5D-1A26-4023-8E50-6659E1CACBC1}.Debug|Any CPU.Build.0 = Debug|Any CPU
		{EBCCAA5D-1A26-4023-8E50-6659E1CACBC1}.Release|Any CPU.ActiveCfg = Release|Any CPU
		{EBCCAA5D-1A26-4023-8E50-6659E1CACBC1}.Release|Any CPU.Build.0 = Release|Any CPU
		{C0115DAD-91AB-4DF5-8DBE-F02B98151F92}.Debug|Any CPU.ActiveCfg = Debug|Any CPU
		{C0115DAD-91AB-4DF5-8DBE-F02B98151F92}.Debug|Any CPU.Build.0 = Debug|Any CPU
		{C0115DAD-91AB-4DF5-8DBE-F02B98151F92}.Release|Any CPU.ActiveCfg = Release|Any CPU
		{C0115DAD-91AB-4DF5-8DBE-F02B98151F92}.Release|Any CPU.Build.0 = Release|Any CPU
		{B9E82DA8-FD17-4CF8-97B7-C69DDD9863BD}.Debug|Any CPU.ActiveCfg = Debug|Any CPU
		{B9E82DA8-FD17-4CF8-97B7-C69DDD9863BD}.Debug|Any CPU.Build.0 = Debug|Any CPU
		{B9E82DA8-FD17-4CF8-97B7-C69DDD9863BD}.Release|Any CPU.ActiveCfg = Release|Any CPU
		{B9E82DA8-FD17-4CF8-97B7-C69DDD9863BD}.Release|Any CPU.Build.0 = Release|Any CPU
		{E1B830A2-B0CD-427A-A73E-490D4AB7E90A}.Debug|Any CPU.ActiveCfg = Debug|Any CPU
		{E1B830A2-B0CD-427A-A73E-490D4AB7E90A}.Debug|Any CPU.Build.0 = Debug|Any CPU
		{E1B830A2-B0CD-427A-A73E-490D4AB7E90A}.Release|Any CPU.ActiveCfg = Release|Any CPU
		{E1B830A2-B0CD-427A-A73E-490D4AB7E90A}.Release|Any CPU.Build.0 = Release|Any CPU
		{8A676D34-20E4-44E8-AA85-477C1B4666E4}.Debug|Any CPU.ActiveCfg = Debug|Any CPU
		{8A676D34-20E4-44E8-AA85-477C1B4666E4}.Debug|Any CPU.Build.0 = Debug|Any CPU
		{8A676D34-20E4-44E8-AA85-477C1B4666E4}.Release|Any CPU.ActiveCfg = Release|Any CPU
		{8A676D34-20E4-44E8-AA85-477C1B4666E4}.Release|Any CPU.Build.0 = Release|Any CPU
		{E2EB3F5A-A243-4713-A642-8A0081D5869F}.Debug|Any CPU.ActiveCfg = Debug|Any CPU
		{E2EB3F5A-A243-4713-A642-8A0081D5869F}.Debug|Any CPU.Build.0 = Debug|Any CPU
		{E2EB3F5A-A243-4713-A642-8A0081D5869F}.Release|Any CPU.ActiveCfg = Release|Any CPU
		{E2EB3F5A-A243-4713-A642-8A0081D5869F}.Release|Any CPU.Build.0 = Release|Any CPU
		{9FD54C88-FBBA-40DE-984F-AE5C6A644DC9}.Debug|Any CPU.ActiveCfg = Debug|Any CPU
		{9FD54C88-FBBA-40DE-984F-AE5C6A644DC9}.Debug|Any CPU.Build.0 = Debug|Any CPU
		{9FD54C88-FBBA-40DE-984F-AE5C6A644DC9}.Release|Any CPU.ActiveCfg = Release|Any CPU
		{9FD54C88-FBBA-40DE-984F-AE5C6A644DC9}.Release|Any CPU.Build.0 = Release|Any CPU
	EndGlobalSection
	GlobalSection(SolutionProperties) = preSolution
		HideSolutionNode = FALSE
	EndGlobalSection
	GlobalSection(ExtensibilityGlobals) = postSolution
		SolutionGuid = {77338730-443B-4908-BDF7-EA6E7478CFFF}
	EndGlobalSection
EndGlobal
